PODS:
  - AEXML (4.3.0)
  - BrightFutures (6.0.1):
    - Result (~> 3.2.4)
  - Commander (0.8.0)
  - Fuzi (2.1.0)
  - ISO8601 (0.6.0)
  - JetToTheFuture (0.4.0):
    - BrightFutures (~> 6.0)
  - Mockingjay (2.0.1):
    - Mockingjay/Core (= 2.0.1)
    - Mockingjay/XCTest (= 2.0.1)
  - Mockingjay/Core (2.0.1):
    - URITemplate (~> 2.0)
  - Mockingjay/XCTest (2.0.1):
    - Mockingjay/Core
  - OHHTTPStubs/Core (6.1.0)
  - OHHTTPStubs/NSURLSession (6.1.0):
    - OHHTTPStubs/Core
  - PathKit (0.8.0)
  - Result (3.2.4)
  - Stencil (0.11.0):
    - PathKit (~> 0.8.0)
  - Toki (0.12.0):
    - AEXML
    - Fuzi
    - Mockingjay (~> 2.0)
    - OHHTTPStubs/NSURLSession (~> 6.1)
    - WSDL2Swift (>= 0.7)
  - URITemplate (2.0.3)
  - WSDL2Swift (0.8.0):
    - AEXML
    - BrightFutures (< 7.0.0, >= 6.0.0-beta.1)
    - Fuzi (~> 2.0)
    - ISO8601

DEPENDENCIES:
  - AEXML
  - Commander
  - JetToTheFuture (>= 0.4.0-beta.1)
  - Stencil
  - Toki (>= 0.5)
  - WSDL2Swift (from `./`)

SPEC REPOS:
  https://github.com/cocoapods/specs.git:
    - AEXML
    - BrightFutures
    - Commander
    - Fuzi
    - ISO8601
    - JetToTheFuture
    - Mockingjay
    - OHHTTPStubs
    - PathKit
    - Result
    - Stencil
    - Toki
    - URITemplate

EXTERNAL SOURCES:
  WSDL2Swift:
    :path: "./"

SPEC CHECKSUMS:
  AEXML: bae92c01e0da64132fd72f748721cda07466032b
  BrightFutures: 9c03dab79e73ffe504b7bafc15c5bfdaeee54890
  Commander: 6eda7635b133e239faa85bf75dcab88d6fd63aaa
  Fuzi: 8c57344debff6d3a0c76a9e0f549152defdaaa48
  ISO8601: d3ea3ba9b752820cf92c6b47a9ee327e9f0e13fc
  JetToTheFuture: 101355e7403a0001a0bab3303b05b1be58df7cbe
  Mockingjay: 11a621880d2887f1775bdcf824341eb68f218450
  OHHTTPStubs: 1e21c7d2c084b8153fc53d48400d8919d2d432d0
  PathKit: dcab05d701474011aae0e40cf892298a831f63d6
  Result: d2d07204ce72856f1fd9130bbe42c35a7b0fea10
  Stencil: a1873ecd92cbc053c6b391de7583b9f5bfbb3de6
  Toki: df0859dedbdc0e614c163e1857efba2e4290e25b
  URITemplate: ace0c4c46dcf8afe6e89b4060621852886b15c3b
  WSDL2Swift: 803401259bee04448c3c53620a32585d77386adc

PODFILE CHECKSUM: aa53c95e8edb8090c381f5be5c45a2b5c4c87a3c

COCOAPODS: 1.5.3
