// !$*UTF8*$!
{
	archiveVersion = 1;
	classes = {
	};
	objectVersion = 46;
	objects = {

/* Begin PBXBuildFile section */
		6AA9B01661501F78A68771CC /* Pods_WSDL2Swift.framework in Frameworks */ = {isa = PBXBuildFile; fileRef = 1DF3B37F4AB3DED3FA72E5DC /* Pods_WSDL2Swift.framework */; };
		B0637813C517C34A60F736B6 /* Pods_iOSWSDL2Swift.framework in Frameworks */ = {isa = PBXBuildFile; fileRef = 7F9B576430854A95CF84C2D9 /* Pods_iOSWSDL2Swift.framework */; };
		EA1F09AB1DE4376C00414030 /* main.swift in Sources */ = {isa = PBXBuildFile; fileRef = EA1F09AA1DE4376C00414030 /* main.swift */; };
		EA1F09B51DE438EE00414030 /* Core.swift in Sources */ = {isa = PBXBuildFile; fileRef = EA1F09B11DE438EE00414030 /* Core.swift */; };
		EA1F09BA1DE4394C00414030 /* Preamble.stencil in Copy Resources */ = {isa = PBXBuildFile; fileRef = EA1F09B21DE438EE00414030 /* Preamble.stencil */; };
		EA1F09BB1DE4394C00414030 /* WSDLService.stencil in Copy Resources */ = {isa = PBXBuildFile; fileRef = EA1F09B31DE438EE00414030 /* WSDLService.stencil */; };
		EA1F09BC1DE4394C00414030 /* XSDType.stencil in Copy Resources */ = {isa = PBXBuildFile; fileRef = EA1F09B41DE438EE00414030 /* XSDType.stencil */; };
		EA1F09C51DE43B3900414030 /* AppDelegate.swift in Sources */ = {isa = PBXBuildFile; fileRef = EA1F09C41DE43B3900414030 /* AppDelegate.swift */; };
		EA1F09C71DE43B3900414030 /* ViewController.swift in Sources */ = {isa = PBXBuildFile; fileRef = EA1F09C61DE43B3900414030 /* ViewController.swift */; };
		EA1F09CC1DE43B3900414030 /* Assets.xcassets in Resources */ = {isa = PBXBuildFile; fileRef = EA1F09CB1DE43B3900414030 /* Assets.xcassets */; };
		EA1F09CF1DE43B3900414030 /* LaunchScreen.storyboard in Resources */ = {isa = PBXBuildFile; fileRef = EA1F09CD1DE43B3900414030 /* LaunchScreen.storyboard */; };
		EA1F09D51DE43C0700414030 /* exampleWSDLs in Resources */ = {isa = PBXBuildFile; fileRef = EA1F09D41DE43C0700414030 /* exampleWSDLs */; };
		EA1F09DC1DE43D6000414030 /* .gitkeep in Resources */ = {isa = PBXBuildFile; fileRef = EA1F09DA1DE43D6000414030 /* .gitkeep */; };
		EA1F09DD1DE43D6000414030 /* WSDL.swift in Sources */ = {isa = PBXBuildFile; fileRef = EA1F09DB1DE43D6000414030 /* WSDL.swift */; };
		EA2D7D4A1DEBED7900EA13B8 /* ExpressibleByXML.stencil in Resources */ = {isa = PBXBuildFile; fileRef = EA2D7D491DEBED7900EA13B8 /* ExpressibleByXML.stencil */; };
		EA2D7D4B1DEBEF1600EA13B8 /* ExpressibleByXML.stencil in Copy Resources */ = {isa = PBXBuildFile; fileRef = EA2D7D491DEBED7900EA13B8 /* ExpressibleByXML.stencil */; };
/* End PBXBuildFile section */

/* Begin PBXContainerItemProxy section */
		EA1F09D61DE43C6600414030 /* PBXContainerItemProxy */ = {
			isa = PBXContainerItemProxy;
			containerPortal = EA1F099F1DE4376C00414030 /* Project object */;
			proxyType = 1;
			remoteGlobalIDString = EA1F09A61DE4376C00414030;
			remoteInfo = WSDL2Swift;
		};
/* End PBXContainerItemProxy section */

/* Begin PBXCopyFilesBuildPhase section */
		EA1F09B61DE4392100414030 /* Copy Resources */ = {
			isa = PBXCopyFilesBuildPhase;
			buildActionMask = 2147483647;
			dstPath = Stencils;
			dstSubfolderSpec = 16;
			files = (
				EA2D7D4B1DEBEF1600EA13B8 /* ExpressibleByXML.stencil in Copy Resources */,
				EA1F09BA1DE4394C00414030 /* Preamble.stencil in Copy Resources */,
				EA1F09BB1DE4394C00414030 /* WSDLService.stencil in Copy Resources */,
				EA1F09BC1DE4394C00414030 /* XSDType.stencil in Copy Resources */,
			);
			name = "Copy Resources";
			runOnlyForDeploymentPostprocessing = 0;
		};
/* End PBXCopyFilesBuildPhase section */

/* Begin PBXFileReference section */
		1DF3B37F4AB3DED3FA72E5DC /* Pods_WSDL2Swift.framework */ = {isa = PBXFileReference; explicitFileType = wrapper.framework; includeInIndex = 0; path = Pods_WSDL2Swift.framework; sourceTree = BUILT_PRODUCTS_DIR; };
		245448084A01A8ECE465E13C /* Pods-iOSWSDL2Swift.debug.xcconfig */ = {isa = PBXFileReference; includeInIndex = 1; lastKnownFileType = text.xcconfig; name = "Pods-iOSWSDL2Swift.debug.xcconfig"; path = "Pods/Target Support Files/Pods-iOSWSDL2Swift/Pods-iOSWSDL2Swift.debug.xcconfig"; sourceTree = "<group>"; };
		54E07700FFB14F5BC9DE3247 /* Pods-WSDL2Swift.release.xcconfig */ = {isa = PBXFileReference; includeInIndex = 1; lastKnownFileType = text.xcconfig; name = "Pods-WSDL2Swift.release.xcconfig"; path = "Pods/Target Support Files/Pods-WSDL2Swift/Pods-WSDL2Swift.release.xcconfig"; sourceTree = "<group>"; };
		7C2849B258EEA5B658C2CD2E /* Pods-WSDL2Swift.debug.xcconfig */ = {isa = PBXFileReference; includeInIndex = 1; lastKnownFileType = text.xcconfig; name = "Pods-WSDL2Swift.debug.xcconfig"; path = "Pods/Target Support Files/Pods-WSDL2Swift/Pods-WSDL2Swift.debug.xcconfig"; sourceTree = "<group>"; };
		7F9B576430854A95CF84C2D9 /* Pods_iOSWSDL2Swift.framework */ = {isa = PBXFileReference; explicitFileType = wrapper.framework; includeInIndex = 0; path = Pods_iOSWSDL2Swift.framework; sourceTree = BUILT_PRODUCTS_DIR; };
		80BB6D87374F9006AA53BBD0 /* Pods-iOSWSDL2Swift.release.xcconfig */ = {isa = PBXFileReference; includeInIndex = 1; lastKnownFileType = text.xcconfig; name = "Pods-iOSWSDL2Swift.release.xcconfig"; path = "Pods/Target Support Files/Pods-iOSWSDL2Swift/Pods-iOSWSDL2Swift.release.xcconfig"; sourceTree = "<group>"; };
		EA1F09A71DE4376C00414030 /* WSDL2Swift */ = {isa = PBXFileReference; explicitFileType = "compiled.mach-o.executable"; includeInIndex = 0; path = WSDL2Swift; sourceTree = BUILT_PRODUCTS_DIR; };
		EA1F09AA1DE4376C00414030 /* main.swift */ = {isa = PBXFileReference; lastKnownFileType = sourcecode.swift; path = main.swift; sourceTree = "<group>"; };
		EA1F09B11DE438EE00414030 /* Core.swift */ = {isa = PBXFileReference; fileEncoding = 4; lastKnownFileType = sourcecode.swift; path = Core.swift; sourceTree = "<group>"; };
		EA1F09B21DE438EE00414030 /* Preamble.stencil */ = {isa = PBXFileReference; explicitFileType = text; fileEncoding = 4; path = Preamble.stencil; sourceTree = "<group>"; xcLanguageSpecificationIdentifier = xcode.lang.swift; };
		EA1F09B31DE438EE00414030 /* WSDLService.stencil */ = {isa = PBXFileReference; explicitFileType = text; fileEncoding = 4; path = WSDLService.stencil; sourceTree = "<group>"; xcLanguageSpecificationIdentifier = xcode.lang.swift; };
		EA1F09B41DE438EE00414030 /* XSDType.stencil */ = {isa = PBXFileReference; explicitFileType = text; fileEncoding = 4; path = XSDType.stencil; sourceTree = "<group>"; xcLanguageSpecificationIdentifier = xcode.lang.swift; };
		EA1F09C21DE43B3900414030 /* iOSWSDL2Swift.app */ = {isa = PBXFileReference; explicitFileType = wrapper.application; includeInIndex = 0; path = iOSWSDL2Swift.app; sourceTree = BUILT_PRODUCTS_DIR; };
		EA1F09C41DE43B3900414030 /* AppDelegate.swift */ = {isa = PBXFileReference; lastKnownFileType = sourcecode.swift; path = AppDelegate.swift; sourceTree = "<group>"; };
		EA1F09C61DE43B3900414030 /* ViewController.swift */ = {isa = PBXFileReference; lastKnownFileType = sourcecode.swift; path = ViewController.swift; sourceTree = "<group>"; };
		EA1F09CB1DE43B3900414030 /* Assets.xcassets */ = {isa = PBXFileReference; lastKnownFileType = folder.assetcatalog; path = Assets.xcassets; sourceTree = "<group>"; };
		EA1F09CE1DE43B3900414030 /* Base */ = {isa = PBXFileReference; lastKnownFileType = file.storyboard; name = Base; path = Base.lproj/LaunchScreen.storyboard; sourceTree = "<group>"; };
		EA1F09D01DE43B3900414030 /* Info.plist */ = {isa = PBXFileReference; lastKnownFileType = text.plist.xml; path = Info.plist; sourceTree = "<group>"; };
		EA1F09D41DE43C0700414030 /* exampleWSDLs */ = {isa = PBXFileReference; lastKnownFileType = folder; path = exampleWSDLs; sourceTree = "<group>"; };
		EA1F09DA1DE43D6000414030 /* .gitkeep */ = {isa = PBXFileReference; fileEncoding = 4; lastKnownFileType = text; path = .gitkeep; sourceTree = "<group>"; };
		EA1F09DB1DE43D6000414030 /* WSDL.swift */ = {isa = PBXFileReference; fileEncoding = 4; lastKnownFileType = sourcecode.swift; path = WSDL.swift; sourceTree = "<group>"; };
		EA2D7D491DEBED7900EA13B8 /* ExpressibleByXML.stencil */ = {isa = PBXFileReference; fileEncoding = 4; lastKnownFileType = text; path = ExpressibleByXML.stencil; sourceTree = "<group>"; xcLanguageSpecificationIdentifier = "<none>"; };
/* End PBXFileReference section */

/* Begin PBXFrameworksBuildPhase section */
		EA1F09A41DE4376C00414030 /* Frameworks */ = {
			isa = PBXFrameworksBuildPhase;
			buildActionMask = 2147483647;
			files = (
				6AA9B01661501F78A68771CC /* Pods_WSDL2Swift.framework in Frameworks */,
			);
			runOnlyForDeploymentPostprocessing = 0;
		};
		EA1F09BF1DE43B3900414030 /* Frameworks */ = {
			isa = PBXFrameworksBuildPhase;
			buildActionMask = 2147483647;
			files = (
				B0637813C517C34A60F736B6 /* Pods_iOSWSDL2Swift.framework in Frameworks */,
			);
			runOnlyForDeploymentPostprocessing = 0;
		};
/* End PBXFrameworksBuildPhase section */

/* Begin PBXGroup section */
		45D177451753CA0314486137 /* Frameworks */ = {
			isa = PBXGroup;
			children = (
				1DF3B37F4AB3DED3FA72E5DC /* Pods_WSDL2Swift.framework */,
				7F9B576430854A95CF84C2D9 /* Pods_iOSWSDL2Swift.framework */,
			);
			name = Frameworks;
			sourceTree = "<group>";
		};
		D9946EE807EAFF0EF0D0CEE5 /* Pods */ = {
			isa = PBXGroup;
			children = (
				7C2849B258EEA5B658C2CD2E /* Pods-WSDL2Swift.debug.xcconfig */,
				54E07700FFB14F5BC9DE3247 /* Pods-WSDL2Swift.release.xcconfig */,
				245448084A01A8ECE465E13C /* Pods-iOSWSDL2Swift.debug.xcconfig */,
				80BB6D87374F9006AA53BBD0 /* Pods-iOSWSDL2Swift.release.xcconfig */,
			);
			name = Pods;
			sourceTree = "<group>";
		};
		EA1F099E1DE4376C00414030 = {
			isa = PBXGroup;
			children = (
				EA1F09A91DE4376C00414030 /* WSDL2Swift */,
				EA1F09C31DE43B3900414030 /* iOSWSDL2Swift */,
				EA1F09A81DE4376C00414030 /* Products */,
				D9946EE807EAFF0EF0D0CEE5 /* Pods */,
				45D177451753CA0314486137 /* Frameworks */,
			);
			sourceTree = "<group>";
		};
		EA1F09A81DE4376C00414030 /* Products */ = {
			isa = PBXGroup;
			children = (
				EA1F09A71DE4376C00414030 /* WSDL2Swift */,
				EA1F09C21DE43B3900414030 /* iOSWSDL2Swift.app */,
			);
			name = Products;
			sourceTree = "<group>";
		};
		EA1F09A91DE4376C00414030 /* WSDL2Swift */ = {
			isa = PBXGroup;
			children = (
				EA1F09AA1DE4376C00414030 /* main.swift */,
				EA1F09B11DE438EE00414030 /* Core.swift */,
				EA1F09B21DE438EE00414030 /* Preamble.stencil */,
				EA1F09B31DE438EE00414030 /* WSDLService.stencil */,
				EA1F09B41DE438EE00414030 /* XSDType.stencil */,
				EA2D7D491DEBED7900EA13B8 /* ExpressibleByXML.stencil */,
			);
			path = WSDL2Swift;
			sourceTree = "<group>";
		};
		EA1F09C31DE43B3900414030 /* iOSWSDL2Swift */ = {
			isa = PBXGroup;
			children = (
				EA1F09D41DE43C0700414030 /* exampleWSDLs */,
				EA1F09D91DE43D6000414030 /* generated */,
				EA1F09C41DE43B3900414030 /* AppDelegate.swift */,
				EA1F09C61DE43B3900414030 /* ViewController.swift */,
				EA1F09CB1DE43B3900414030 /* Assets.xcassets */,
				EA1F09CD1DE43B3900414030 /* LaunchScreen.storyboard */,
				EA1F09D01DE43B3900414030 /* Info.plist */,
			);
			path = iOSWSDL2Swift;
			sourceTree = "<group>";
		};
		EA1F09D91DE43D6000414030 /* generated */ = {
			isa = PBXGroup;
			children = (
				EA1F09DA1DE43D6000414030 /* .gitkeep */,
				EA1F09DB1DE43D6000414030 /* WSDL.swift */,
			);
			name = generated;
			path = exampleWSDLs/generated;
			sourceTree = "<group>";
		};
/* End PBXGroup section */

/* Begin PBXNativeTarget section */
		EA1F09A61DE4376C00414030 /* WSDL2Swift */ = {
			isa = PBXNativeTarget;
			buildConfigurationList = EA1F09AE1DE4376C00414030 /* Build configuration list for PBXNativeTarget "WSDL2Swift" */;
			buildPhases = (
				7910F7EBD06772F6446C6560 /* [CP] Check Pods Manifest.lock */,
				EA1F09A31DE4376C00414030 /* Sources */,
				EA1F09A41DE4376C00414030 /* Frameworks */,
				D25BDD841BAE9DA09042A6D9 /* [CP] Copy Pods Resources */,
				EA1F09BD1DE43A7200414030 /* Link as dynamically linked executable */,
				EA1F09B61DE4392100414030 /* Copy Resources */,
			);
			buildRules = (
			);
			dependencies = (
			);
			name = WSDL2Swift;
			productName = WSDL2Swift;
			productReference = EA1F09A71DE4376C00414030 /* WSDL2Swift */;
			productType = "com.apple.product-type.tool";
		};
		EA1F09C11DE43B3900414030 /* iOSWSDL2Swift */ = {
			isa = PBXNativeTarget;
			buildConfigurationList = EA1F09D11DE43B3900414030 /* Build configuration list for PBXNativeTarget "iOSWSDL2Swift" */;
			buildPhases = (
				F9C5B1F57D7EB7F49456204D /* [CP] Check Pods Manifest.lock */,
				EA1F09D81DE43C6B00414030 /* WSDL2Swift */,
				EA1F09BE1DE43B3900414030 /* Sources */,
				EA1F09BF1DE43B3900414030 /* Frameworks */,
				EA1F09C01DE43B3900414030 /* Resources */,
				FF20626B390E120C89964A2C /* [CP] Embed Pods Frameworks */,
				456A33790DC2010FE7DF03D2 /* [CP] Copy Pods Resources */,
			);
			buildRules = (
			);
			dependencies = (
				EA1F09D71DE43C6600414030 /* PBXTargetDependency */,
			);
			name = iOSWSDL2Swift;
			productName = iOSWSDL2Swift;
			productReference = EA1F09C21DE43B3900414030 /* iOSWSDL2Swift.app */;
			productType = "com.apple.product-type.application";
		};
/* End PBXNativeTarget section */

/* Begin PBXProject section */
		EA1F099F1DE4376C00414030 /* Project object */ = {
			isa = PBXProject;
			attributes = {
				LastSwiftUpdateCheck = 0810;
				LastUpgradeCheck = 0820;
				TargetAttributes = {
					EA1F09A61DE4376C00414030 = {
						CreatedOnToolsVersion = 8.1;
						DevelopmentTeam = FPZK4WRGW7;
						ProvisioningStyle = Automatic;
					};
					EA1F09C11DE43B3900414030 = {
						CreatedOnToolsVersion = 8.1;
						DevelopmentTeam = FPZK4WRGW7;
						ProvisioningStyle = Automatic;
					};
				};
			};
			buildConfigurationList = EA1F09A21DE4376C00414030 /* Build configuration list for PBXProject "WSDL2Swift" */;
			compatibilityVersion = "Xcode 3.2";
			developmentRegion = English;
			hasScannedForEncodings = 0;
			knownRegions = (
				en,
				Base,
			);
			mainGroup = EA1F099E1DE4376C00414030;
			productRefGroup = EA1F09A81DE4376C00414030 /* Products */;
			projectDirPath = "";
			projectRoot = "";
			targets = (
				EA1F09A61DE4376C00414030 /* WSDL2Swift */,
				EA1F09C11DE43B3900414030 /* iOSWSDL2Swift */,
			);
		};
/* End PBXProject section */

/* Begin PBXResourcesBuildPhase section */
		EA1F09C01DE43B3900414030 /* Resources */ = {
			isa = PBXResourcesBuildPhase;
			buildActionMask = 2147483647;
			files = (
				EA1F09CF1DE43B3900414030 /* LaunchScreen.storyboard in Resources */,
				EA2D7D4A1DEBED7900EA13B8 /* ExpressibleByXML.stencil in Resources */,
				EA1F09D51DE43C0700414030 /* exampleWSDLs in Resources */,
				EA1F09CC1DE43B3900414030 /* Assets.xcassets in Resources */,
				EA1F09DC1DE43D6000414030 /* .gitkeep in Resources */,
			);
			runOnlyForDeploymentPostprocessing = 0;
		};
/* End PBXResourcesBuildPhase section */

/* Begin PBXShellScriptBuildPhase section */
		456A33790DC2010FE7DF03D2 /* [CP] Copy Pods Resources */ = {
			isa = PBXShellScriptBuildPhase;
			buildActionMask = 2147483647;
			files = (
			);
			inputPaths = (
			);
			name = "[CP] Copy Pods Resources";
			outputPaths = (
			);
			runOnlyForDeploymentPostprocessing = 0;
			shellPath = /bin/sh;
			shellScript = "\"${SRCROOT}/Pods/Target Support Files/Pods-iOSWSDL2Swift/Pods-iOSWSDL2Swift-resources.sh\"\n";
			showEnvVarsInLog = 0;
		};
		7910F7EBD06772F6446C6560 /* [CP] Check Pods Manifest.lock */ = {
			isa = PBXShellScriptBuildPhase;
			buildActionMask = 2147483647;
			files = (
			);
			inputPaths = (
			);
			name = "[CP] Check Pods Manifest.lock";
			outputPaths = (
			);
			runOnlyForDeploymentPostprocessing = 0;
			shellPath = /bin/sh;
			shellScript = "diff \"${PODS_ROOT}/../Podfile.lock\" \"${PODS_ROOT}/Manifest.lock\" > /dev/null\nif [ $? != 0 ] ; then\n    # print error to STDERR\n    echo \"error: The sandbox is not in sync with the Podfile.lock. Run 'pod install' or update your CocoaPods installation.\" >&2\n    exit 1\nfi\n";
			showEnvVarsInLog = 0;
		};
		D25BDD841BAE9DA09042A6D9 /* [CP] Copy Pods Resources */ = {
			isa = PBXShellScriptBuildPhase;
			buildActionMask = 2147483647;
			files = (
			);
			inputPaths = (
			);
			name = "[CP] Copy Pods Resources";
			outputPaths = (
			);
			runOnlyForDeploymentPostprocessing = 0;
			shellPath = /bin/sh;
			shellScript = "\"${SRCROOT}/Pods/Target Support Files/Pods-WSDL2Swift/Pods-WSDL2Swift-resources.sh\"\n";
			showEnvVarsInLog = 0;
		};
		EA1F09BD1DE43A7200414030 /* Link as dynamically linked executable */ = {
			isa = PBXShellScriptBuildPhase;
			buildActionMask = 2147483647;
			files = (
			);
			inputPaths = (
			);
			name = "Link as dynamically linked executable";
			outputPaths = (
			);
			runOnlyForDeploymentPostprocessing = 0;
			shellPath = /bin/zsh;
			shellScript = "# magic by https://gist.github.com/banjun/166045c994d07b9e67df9357ff6418f3\n\nFRAMEWORK_ARG=$(for f in $(echo \"${FRAMEWORK_SEARCH_PATHS}\"); do echo -n \"-F$f \"; done)\n\nmkdir -p \"${CONFIGURATION_BUILD_DIR}/Frameworks\"\nfor f in ${CONFIGURATION_BUILD_DIR}/*/*.framework; do\n    cp -r \"$f\" \"${CONFIGURATION_BUILD_DIR}/Frameworks/\"\ndone\n\nxcrun swift-stdlib-tool --copy --platform macosx --scan-folder ${CONFIGURATION_BUILD_DIR} --destination ${CONFIGURATION_BUILD_DIR}/Frameworks/";
			showEnvVarsInLog = 0;
		};
		EA1F09D81DE43C6B00414030 /* WSDL2Swift */ = {
			isa = PBXShellScriptBuildPhase;
			buildActionMask = 2147483647;
			files = (
			);
			inputPaths = (
			);
			name = WSDL2Swift;
			outputPaths = (
			);
			runOnlyForDeploymentPostprocessing = 0;
			shellPath = /bin/zsh;
			shellScript = "${SYMROOT}/${CONFIGURATION}/WSDL2Swift --public-memberwise-init --out ${SRCROOT}/iOSWSDL2Swift/exampleWSDLS/generated/WSDL.swift ${SRCROOT}/iOSWSDL2Swift/exampleWSDLS/*.xml || echo \"error: place wsdl and xsd xml files into exampleWSDLS.\"";
			showEnvVarsInLog = 0;
		};
		F9C5B1F57D7EB7F49456204D /* [CP] Check Pods Manifest.lock */ = {
			isa = PBXShellScriptBuildPhase;
			buildActionMask = 2147483647;
			files = (
			);
			inputPaths = (
			);
			name = "[CP] Check Pods Manifest.lock";
			outputPaths = (
			);
			runOnlyForDeploymentPostprocessing = 0;
			shellPath = /bin/sh;
			shellScript = "diff \"${PODS_ROOT}/../Podfile.lock\" \"${PODS_ROOT}/Manifest.lock\" > /dev/null\nif [ $? != 0 ] ; then\n    # print error to STDERR\n    echo \"error: The sandbox is not in sync with the Podfile.lock. Run 'pod install' or update your CocoaPods installation.\" >&2\n    exit 1\nfi\n";
			showEnvVarsInLog = 0;
		};
		FF20626B390E120C89964A2C /* [CP] Embed Pods Frameworks */ = {
			isa = PBXShellScriptBuildPhase;
			buildActionMask = 2147483647;
			files = (
			);
			inputPaths = (
			);
			name = "[CP] Embed Pods Frameworks";
			outputPaths = (
			);
			runOnlyForDeploymentPostprocessing = 0;
			shellPath = /bin/sh;
			shellScript = "\"${SRCROOT}/Pods/Target Support Files/Pods-iOSWSDL2Swift/Pods-iOSWSDL2Swift-frameworks.sh\"\n";
			showEnvVarsInLog = 0;
		};
/* End PBXShellScriptBuildPhase section */

/* Begin PBXSourcesBuildPhase section */
		EA1F09A31DE4376C00414030 /* Sources */ = {
			isa = PBXSourcesBuildPhase;
			buildActionMask = 2147483647;
			files = (
				EA1F09B51DE438EE00414030 /* Core.swift in Sources */,
				EA1F09AB1DE4376C00414030 /* main.swift in Sources */,
			);
			runOnlyForDeploymentPostprocessing = 0;
		};
		EA1F09BE1DE43B3900414030 /* Sources */ = {
			isa = PBXSourcesBuildPhase;
			buildActionMask = 2147483647;
			files = (
				EA1F09C71DE43B3900414030 /* ViewController.swift in Sources */,
				EA1F09DD1DE43D6000414030 /* WSDL.swift in Sources */,
				EA1F09C51DE43B3900414030 /* AppDelegate.swift in Sources */,
			);
			runOnlyForDeploymentPostprocessing = 0;
		};
/* End PBXSourcesBuildPhase section */

/* Begin PBXTargetDependency section */
		EA1F09D71DE43C6600414030 /* PBXTargetDependency */ = {
			isa = PBXTargetDependency;
			target = EA1F09A61DE4376C00414030 /* WSDL2Swift */;
			targetProxy = EA1F09D61DE43C6600414030 /* PBXContainerItemProxy */;
		};
/* End PBXTargetDependency section */

/* Begin PBXVariantGroup section */
		EA1F09CD1DE43B3900414030 /* LaunchScreen.storyboard */ = {
			isa = PBXVariantGroup;
			children = (
				EA1F09CE1DE43B3900414030 /* Base */,
			);
			name = LaunchScreen.storyboard;
			sourceTree = "<group>";
		};
/* End PBXVariantGroup section */

/* Begin XCBuildConfiguration section */
		EA1F09AC1DE4376C00414030 /* Debug */ = {
			isa = XCBuildConfiguration;
			buildSettings = {
				ALWAYS_SEARCH_USER_PATHS = NO;
				CLANG_ANALYZER_NONNULL = YES;
				CLANG_CXX_LANGUAGE_STANDARD = "gnu++0x";
				CLANG_CXX_LIBRARY = "libc++";
				CLANG_ENABLE_MODULES = YES;
				CLANG_ENABLE_OBJC_ARC = YES;
				CLANG_WARN_BOOL_CONVERSION = YES;
				CLANG_WARN_CONSTANT_CONVERSION = YES;
				CLANG_WARN_DIRECT_OBJC_ISA_USAGE = YES_ERROR;
				CLANG_WARN_DOCUMENTATION_COMMENTS = YES;
				CLANG_WARN_EMPTY_BODY = YES;
				CLANG_WARN_ENUM_CONVERSION = YES;
				CLANG_WARN_INFINITE_RECURSION = YES;
				CLANG_WARN_INT_CONVERSION = YES;
				CLANG_WARN_OBJC_ROOT_CLASS = YES_ERROR;
				CLANG_WARN_SUSPICIOUS_MOVE = YES;
				CLANG_WARN_SUSPICIOUS_MOVES = YES;
				CLANG_WARN_UNREACHABLE_CODE = YES;
				CLANG_WARN__DUPLICATE_METHOD_MATCH = YES;
				CODE_SIGN_IDENTITY = "-";
				COPY_PHASE_STRIP = NO;
				DEBUG_INFORMATION_FORMAT = dwarf;
				ENABLE_STRICT_OBJC_MSGSEND = YES;
				ENABLE_TESTABILITY = YES;
				GCC_C_LANGUAGE_STANDARD = gnu99;
				GCC_DYNAMIC_NO_PIC = NO;
				GCC_NO_COMMON_BLOCKS = YES;
				GCC_OPTIMIZATION_LEVEL = 0;
				GCC_PREPROCESSOR_DEFINITIONS = (
					"DEBUG=1",
					"$(inherited)",
				);
				GCC_WARN_64_TO_32_BIT_CONVERSION = YES;
				GCC_WARN_ABOUT_RETURN_TYPE = YES_ERROR;
				GCC_WARN_UNDECLARED_SELECTOR = YES;
				GCC_WARN_UNINITIALIZED_AUTOS = YES_AGGRESSIVE;
				GCC_WARN_UNUSED_FUNCTION = YES;
				GCC_WARN_UNUSED_VARIABLE = YES;
				MACOSX_DEPLOYMENT_TARGET = 10.11;
				MTL_ENABLE_DEBUG_INFO = YES;
				ONLY_ACTIVE_ARCH = YES;
				SDKROOT = macosx;
				SWIFT_OPTIMIZATION_LEVEL = "-Onone";
			};
			name = Debug;
		};
		EA1F09AD1DE4376C00414030 /* Release */ = {
			isa = XCBuildConfiguration;
			buildSettings = {
				ALWAYS_SEARCH_USER_PATHS = NO;
				CLANG_ANALYZER_NONNULL = YES;
				CLANG_CXX_LANGUAGE_STANDARD = "gnu++0x";
				CLANG_CXX_LIBRARY = "libc++";
				CLANG_ENABLE_MODULES = YES;
				CLANG_ENABLE_OBJC_ARC = YES;
				CLANG_WARN_BOOL_CONVERSION = YES;
				CLANG_WARN_CONSTANT_CONVERSION = YES;
				CLANG_WARN_DIRECT_OBJC_ISA_USAGE = YES_ERROR;
				CLANG_WARN_DOCUMENTATION_COMMENTS = YES;
				CLANG_WARN_EMPTY_BODY = YES;
				CLANG_WARN_ENUM_CONVERSION = YES;
				CLANG_WARN_INFINITE_RECURSION = YES;
				CLANG_WARN_INT_CONVERSION = YES;
				CLANG_WARN_OBJC_ROOT_CLASS = YES_ERROR;
				CLANG_WARN_SUSPICIOUS_MOVE = YES;
				CLANG_WARN_SUSPICIOUS_MOVES = YES;
				CLANG_WARN_UNREACHABLE_CODE = YES;
				CLANG_WARN__DUPLICATE_METHOD_MATCH = YES;
				CODE_SIGN_IDENTITY = "-";
				COPY_PHASE_STRIP = NO;
				DEBUG_INFORMATION_FORMAT = "dwarf-with-dsym";
				ENABLE_NS_ASSERTIONS = NO;
				ENABLE_STRICT_OBJC_MSGSEND = YES;
				GCC_C_LANGUAGE_STANDARD = gnu99;
				GCC_NO_COMMON_BLOCKS = YES;
				GCC_WARN_64_TO_32_BIT_CONVERSION = YES;
				GCC_WARN_ABOUT_RETURN_TYPE = YES_ERROR;
				GCC_WARN_UNDECLARED_SELECTOR = YES;
				GCC_WARN_UNINITIALIZED_AUTOS = YES_AGGRESSIVE;
				GCC_WARN_UNUSED_FUNCTION = YES;
				GCC_WARN_UNUSED_VARIABLE = YES;
				MACOSX_DEPLOYMENT_TARGET = 10.11;
				MTL_ENABLE_DEBUG_INFO = NO;
				SDKROOT = macosx;
				SWIFT_OPTIMIZATION_LEVEL = "-Owholemodule";
			};
			name = Release;
		};
		EA1F09AF1DE4376C00414030 /* Debug */ = {
			isa = XCBuildConfiguration;
			baseConfigurationReference = 7C2849B258EEA5B658C2CD2E /* Pods-WSDL2Swift.debug.xcconfig */;
			buildSettings = {
				DEVELOPMENT_TEAM = FPZK4WRGW7;
				PRODUCT_NAME = "$(TARGET_NAME)";
				SWIFT_FORCE_DYNAMIC_LINK_STDLIB = YES;
				SWIFT_VERSION = 3.0;
			};
			name = Debug;
		};
		EA1F09B01DE4376C00414030 /* Release */ = {
			isa = XCBuildConfiguration;
			baseConfigurationReference = 54E07700FFB14F5BC9DE3247 /* Pods-WSDL2Swift.release.xcconfig */;
			buildSettings = {
				DEVELOPMENT_TEAM = FPZK4WRGW7;
				PRODUCT_NAME = "$(TARGET_NAME)";
				SWIFT_FORCE_DYNAMIC_LINK_STDLIB = YES;
				SWIFT_VERSION = 3.0;
			};
			name = Release;
		};
		EA1F09D21DE43B3900414030 /* Debug */ = {
			isa = XCBuildConfiguration;
			baseConfigurationReference = 245448084A01A8ECE465E13C /* Pods-iOSWSDL2Swift.debug.xcconfig */;
			buildSettings = {
				ASSETCATALOG_COMPILER_APPICON_NAME = AppIcon;
				"CODE_SIGN_IDENTITY[sdk=iphoneos*]" = "iPhone Developer";
				DEVELOPMENT_TEAM = FPZK4WRGW7;
				INFOPLIST_FILE = iOSWSDL2Swift/Info.plist;
				IPHONEOS_DEPLOYMENT_TARGET = 9.0;
				LD_RUNPATH_SEARCH_PATHS = "$(inherited) @executable_path/Frameworks";
				PRODUCT_BUNDLE_IDENTIFIER = jp.banjun.iOSWSDL2Swift;
				PRODUCT_NAME = "$(TARGET_NAME)";
				SDKROOT = iphoneos;
				SWIFT_ACTIVE_COMPILATION_CONDITIONS = DEBUG;
				SWIFT_VERSION = 3.0;
				TARGETED_DEVICE_FAMILY = "1,2";
			};
			name = Debug;
		};
		EA1F09D31DE43B3900414030 /* Release */ = {
			isa = XCBuildConfiguration;
			baseConfigurationReference = 80BB6D87374F9006AA53BBD0 /* Pods-iOSWSDL2Swift.release.xcconfig */;
			buildSettings = {
				ASSETCATALOG_COMPILER_APPICON_NAME = AppIcon;
				"CODE_SIGN_IDENTITY[sdk=iphoneos*]" = "iPhone Developer";
				DEVELOPMENT_TEAM = FPZK4WRGW7;
				INFOPLIST_FILE = iOSWSDL2Swift/Info.plist;
				IPHONEOS_DEPLOYMENT_TARGET = 9.0;
				LD_RUNPATH_SEARCH_PATHS = "$(inherited) @executable_path/Frameworks";
				PRODUCT_BUNDLE_IDENTIFIER = jp.banjun.iOSWSDL2Swift;
				PRODUCT_NAME = "$(TARGET_NAME)";
				SDKROOT = iphoneos;
				SWIFT_OPTIMIZATION_LEVEL = "-Owholemodule";
				SWIFT_VERSION = 3.0;
				TARGETED_DEVICE_FAMILY = "1,2";
				VALIDATE_PRODUCT = YES;
			};
			name = Release;
		};
/* End XCBuildConfiguration section */

/* Begin XCConfigurationList section */
		EA1F09A21DE4376C00414030 /* Build configuration list for PBXProject "WSDL2Swift" */ = {
			isa = XCConfigurationList;
			buildConfigurations = (
				EA1F09AC1DE4376C00414030 /* Debug */,
				EA1F09AD1DE4376C00414030 /* Release */,
			);
			defaultConfigurationIsVisible = 0;
			defaultConfigurationName = Release;
		};
		EA1F09AE1DE4376C00414030 /* Build configuration list for PBXNativeTarget "WSDL2Swift" */ = {
			isa = XCConfigurationList;
			buildConfigurations = (
				EA1F09AF1DE4376C00414030 /* Debug */,
				EA1F09B01DE4376C00414030 /* Release */,
			);
			defaultConfigurationIsVisible = 0;
			defaultConfigurationName = Release;
		};
		EA1F09D11DE43B3900414030 /* Build configuration list for PBXNativeTarget "iOSWSDL2Swift" */ = {
			isa = XCConfigurationList;
			buildConfigurations = (
				EA1F09D21DE43B3900414030 /* Debug */,
				EA1F09D31DE43B3900414030 /* Release */,
			);
			defaultConfigurationIsVisible = 0;
			defaultConfigurationName = Release;
		};
/* End XCConfigurationList section */
	};
	rootObject = EA1F099F1DE4376C00414030 /* Project object */;
}
